
Microsoft Visual Studio Solution File, Format Version 12.00
# Visual Studio 2013
VisualStudioVersion = 12.0.30501.0
MinimumVisualStudioVersion = 10.0.40219.1
Project("{F2A71F9B-5D33-465A-A702-920D77279786}") = "SimpleProlog", "SimpleProlog\SimpleProlog.fsproj", "{224414AB-72B8-4D0F-B6EC-A81BC1CDD75A}"
EndProject
Project("{F2A71F9B-5D33-465A-A702-920D77279786}") = "SimplePrologTests", "SimplePrologTests\SimplePrologTests.fsproj", "{196885AC-6D4F-4C82-8089-D6A01E07060B}"
EndProject
Project("{2150E333-8FDC-42A3-9474-1A3956D46DE8}") = ".nuget", ".nuget", "{FC6FD262-5213-4B1D-B7A4-F05956FAF046}"
	ProjectSection(SolutionItems) = preProject
		.nuget\packages.config = .nuget\packages.config
	EndProjectSection
EndProject
Global
	GlobalSection(SolutionConfigurationPlatforms) = preSolution
		Debug|Any CPU = Debug|Any CPU
		Release|Any CPU = Release|Any CPU
	EndGlobalSection
	GlobalSection(ProjectConfigurationPlatforms) = postSolution
		{224414AB-72B8-4D0F-B6EC-A81BC1CDD75A}.Debug|Any CPU.ActiveCfg = Debug|Any CPU
		{224414AB-72B8-4D0F-B6EC-A81BC1CDD75A}.Debug|Any CPU.Build.0 = Debug|Any CPU
		{224414AB-72B8-4D0F-B6EC-A81BC1CDD75A}.Release|Any CPU.ActiveCfg = Release|Any CPU
		{224414AB-72B8-4D0F-B6EC-A81BC1CDD75A}.Release|Any CPU.Build.0 = Release|Any CPU
		{196885AC-6D4F-4C82-8089-D6A01E07060B}.Debug|Any CPU.ActiveCfg = Debug|Any CPU
		{196885AC-6D4F-4C82-8089-D6A01E07060B}.Debug|Any CPU.Build.0 = Debug|Any CPU
		{196885AC-6D4F-4C82-8089-D6A01E07060B}.Release|Any CPU.ActiveCfg = Release|Any CPU
		{196885AC-6D4F-4C82-8089-D6A01E07060B}.Release|Any CPU.Build.0 = Release|Any CPU
	EndGlobalSection
	GlobalSection(SolutionProperties) = preSolution
		HideSolutionNode = FALSE
	EndGlobalSection
EndGlobal
